lockfileVersion: '6.0'

settings:
  autoInstallPeers: true
  excludeLinksFromLockfile: false

dependencies:
  '@types/i18n':
    specifier: ^0.13.10
    version: 0.13.10
  i18n:
    specifier: ^0.15.1
    version: 0.15.1

devDependencies:
  typescript:
    specifier: ^5.3.3
    version: 5.3.3

packages:

  /@messageformat/core@3.3.0:
    resolution: {integrity: sha512-YcXd3remTDdeMxAlbvW6oV9d/01/DZ8DHUFwSttO3LMzIZj3iO0NRw+u1xlsNNORFI+u0EQzD52ZX3+Udi0T3g==}
    dependencies:
      '@messageformat/date-skeleton': 1.0.1
      '@messageformat/number-skeleton': 1.2.0
      '@messageformat/parser': 5.1.0
      '@messageformat/runtime': 3.0.1
      make-plural: 7.3.0
      safe-identifier: 0.4.2
    dev: false

  /@messageformat/date-skeleton@1.0.1:
    resolution: {integrity: sha512-jPXy8fg+WMPIgmGjxSlnGJn68h/2InfT0TNSkVx0IGXgp4ynnvYkbZ51dGWmGySEK+pBiYUttbQdu5XEqX5CRg==}
    dev: false

  /@messageformat/number-skeleton@1.2.0:
    resolution: {integrity: sha512-xsgwcL7J7WhlHJ3RNbaVgssaIwcEyFkBqxHdcdaiJzwTZAWEOD8BuUFxnxV9k5S0qHN3v/KzUpq0IUpjH1seRg==}
    dev: false

  /@messageformat/parser@5.1.0:
    resolution: {integrity: sha512-jKlkls3Gewgw6qMjKZ9SFfHUpdzEVdovKFtW1qRhJ3WI4FW5R/NnGDqr8SDGz+krWDO3ki94boMmQvGke1HwUQ==}
    dependencies:
      moo: 0.5.2
    dev: false

  /@messageformat/runtime@3.0.1:
    resolution: {integrity: sha512-6RU5ol2lDtO8bD9Yxe6CZkl0DArdv0qkuoZC+ZwowU+cdRlVE1157wjCmlA5Rsf1Xc/brACnsZa5PZpEDfTFFg==}
    dependencies:
      make-plural: 7.3.0
    dev: false

  /@types/i18n@0.13.10:
    resolution: {integrity: sha512-V5uwFXEzC1BRvDSQkd5zWB7ktZa1yfLKFimlluTFrgBGeFJQNNaLk3J67Sje+c0+m2C7r1BU47cItOk/WRfJcQ==}
    dev: false

  /boolean@3.2.0:
    resolution: {integrity: sha512-d0II/GO9uf9lfUHH2BQsjxzRJZBdsjgsBiW4BvhWk/3qoKwQFjIDVN19PfX8F2D/r9PCMTtLWjYVCFrpeYUzsw==}
    dev: false

  /debug@4.3.4:
    resolution: {integrity: sha512-PRWFHuSU3eDtQJPvnNY7Jcket1j0t5OuOsFzPPzsekD52Zl8qUfFIPEiswXqIvHWGVHOgX+7G/vCNNhehwxfkQ==}
    engines: {node: '>=6.0'}
    peerDependencies:
      supports-color: '*'
    peerDependenciesMeta:
      supports-color:
        optional: true
    dependencies:
      ms: 2.1.2
    dev: false

  /fast-printf@1.6.9:
    resolution: {integrity: sha512-FChq8hbz65WMj4rstcQsFB0O7Cy++nmbNfLYnD9cYv2cRn8EG6k/MGn9kO/tjO66t09DLDugj3yL+V2o6Qftrg==}
    engines: {node: '>=10.0'}
    dependencies:
      boolean: 3.2.0
    dev: false

  /i18n@0.15.1:
    resolution: {integrity: sha512-yue187t8MqUPMHdKjiZGrX+L+xcUsDClGO0Cz4loaKUOK9WrGw5pgan4bv130utOwX7fHE9w2iUeHFalVQWkXA==}
    engines: {node: '>=10'}
    dependencies:
      '@messageformat/core': 3.3.0
      debug: 4.3.4
      fast-printf: 1.6.9
      make-plural: 7.3.0
      math-interval-parser: 2.0.1
      mustache: 4.2.0
    transitivePeerDependencies:
      - supports-color
    dev: false

  /make-plural@7.3.0:
    resolution: {integrity: sha512-/K3BC0KIsO+WK2i94LkMPv3wslMrazrQhfi5We9fMbLlLjzoOSJWr7TAdupLlDWaJcWxwoNosBkhFDejiu5VDw==}
    dev: false

  /math-interval-parser@2.0.1:
    resolution: {integrity: sha512-VmlAmb0UJwlvMyx8iPhXUDnVW1F9IrGEd9CIOmv+XL8AErCUUuozoDMrgImvnYt2A+53qVX/tPW6YJurMKYsvA==}
    engines: {node: '>=0.10.0'}
    dev: false

  /moo@0.5.2:
    resolution: {integrity: sha512-iSAJLHYKnX41mKcJKjqvnAN9sf0LMDTXDEvFv+ffuRR9a1MIuXLjMNL6EsnDHSkKLTWNqQQ5uo61P4EbU4NU+Q==}
    dev: false

  /ms@2.1.2:
    resolution: {integrity: sha512-sGkPx+VjMtmA6MX27oA4FBFELFCZZ4S4XqeGOXCv68tT+jb3vk/RyaKWP0PTKyWtmLSM0b+adUTEvbs1PEaH2w==}
    dev: false

  /mustache@4.2.0:
    resolution: {integrity: sha512-71ippSywq5Yb7/tVYyGbkBggbU8H3u5Rz56fH60jGFgr8uHwxs+aSKeqmluIVzM0m0kB7xQjKS6qPfd0b2ZoqQ==}
    hasBin: true
    dev: false

  /safe-identifier@0.4.2:
    resolution: {integrity: sha512-6pNbSMW6OhAi9j+N8V+U715yBQsaWJ7eyEUaOrawX+isg5ZxhUlV1NipNtgaKHmFGiABwt+ZF04Ii+3Xjkg+8w==}
    dev: false

  /typescript@5.3.3:
    resolution: {integrity: sha512-pXWcraxM0uxAS+tN0AG/BF2TyqmHO014Z070UsJ+pFvYuRSq8KH8DmWpnbXe0pEPDHXZV3FcAbJkijJ5oNEnWw==}
    engines: {node: '>=14.17'}
    hasBin: true
    dev: true
